
Microsoft Visual Studio Solution File, Format Version 12.00
# Visual Studio 2012
Project("{FAE04EC0-301F-11D3-BF4B-00C04F79EFBC}") = "Web01", "Web01\Web01.csproj", "{4099014D-D27C-4E4D-82D2-B390EEFDEF11}"
EndProject
Project("{FAE04EC0-301F-11D3-BF4B-00C04F79EFBC}") = "Web01.Tests", "Web01.Tests\Web01.Tests.csproj", "{0982E022-2BB2-49D7-9250-FEE3ED336CCD}"
EndProject
Global
	GlobalSection(SolutionConfigurationPlatforms) = preSolution
		Debug|Any CPU = Debug|Any CPU
		Release|Any CPU = Release|Any CPU
	EndGlobalSection
	GlobalSection(ProjectConfigurationPlatforms) = postSolution
		{4099014D-D27C-4E4D-82D2-B390EEFDEF11}.Debug|Any CPU.ActiveCfg = Debug|Any CPU
		{4099014D-D27C-4E4D-82D2-B390EEFDEF11}.Debug|Any CPU.Build.0 = Debug|Any CPU
		{4099014D-D27C-4E4D-82D2-B390EEFDEF11}.Release|Any CPU.ActiveCfg = Release|Any CPU
		{4099014D-D27C-4E4D-82D2-B390EEFDEF11}.Release|Any CPU.Build.0 = Release|Any CPU
		{0982E022-2BB2-49D7-9250-FEE3ED336CCD}.Debug|Any CPU.ActiveCfg = Debug|Any CPU
		{0982E022-2BB2-49D7-9250-FEE3ED336CCD}.Debug|Any CPU.Build.0 = Debug|Any CPU
		{0982E022-2BB2-49D7-9250-FEE3ED336CCD}.Release|Any CPU.ActiveCfg = Release|Any CPU
		{0982E022-2BB2-49D7-9250-FEE3ED336CCD}.Release|Any CPU.Build.0 = Release|Any CPU
	EndGlobalSection
EndGlobal
